{
  "name": "jd-dome",
  "version": "1.0.0",
  "lockfileVersion": 1,
  "requires": true,
  "dependencies": {
    "@vant/weapp": {
      "version": "1.0.5",
      "resolved": "https://registry.npm.taobao.org/@vant/weapp/download/@vant/weapp-1.0.5.tgz",
      "integrity": "sha1-NvL56kb5wfje9ud20c5m9SUVCxY="
    },
    "bignumber.js": {
      "version": "7.2.1",
      "resolved": "https://registry.npm.taobao.org/bignumber.js/download/bignumber.js-7.2.1.tgz",
      "integrity": "sha1-gMBIdZ2CaACAfEv9Uh5Q7bulel8="
    },
    "json-bigint": {
      "version": "0.3.0",
      "resolved": "https://registry.npm.taobao.org/json-bigint/download/json-bigint-0.3.0.tgz",
      "integrity": "sha1-DM2RLEuCcNBfBW+9E4FLU9OCWx4=",
      "requires": {
        "bignumber.js": "^7.0.0"
      }
    }
  }
}
